{
  "name": "fp-growth",
  "version": "1.0.0",
  "lockfileVersion": 1,
  "requires": true,
  "dependencies": {
    "density-clustering": {
      "version": "1.3.0",
      "resolved": "https://registry.npmjs.org/density-clustering/-/density-clustering-1.3.0.tgz",
      "integrity": "sha1-3J9ZyPCrl+FiSsZJMP0xlIF9ysU="
    },
    "events": {
      "version": "1.1.1",
      "resolved": "https://registry.npmjs.org/events/-/events-1.1.1.tgz",
      "integrity": "sha1-nr23Y1rQmccNzEwqH1AEKI6L2SQ="
    },
    "node-fpgrowth": {
      "version": "1.2.1",
      "resolved": "https://registry.npmjs.org/node-fpgrowth/-/node-fpgrowth-1.2.1.tgz",
      "integrity": "sha1-crwP2rUnHhpZ7daBPmHB2faDqtM=",
      "requires": {
        "events": "^1.1.1"
      }
    }
  }
}
